// !$*UTF8*$!
{
	archiveVersion = 1;
	classes = {
	};
	objectVersion = 56;
	objects = {

/* Begin PBXBuildFile section */
		772D51C12C687D3400878A49 /* AlwellTabView.swift in Sources */ = {isa = PBXBuildFile; fileRef = 772D51C02C687D3400878A49 /* AlwellTabView.swift */; };
		772D51C32C6884D600878A49 /* HomeView.swift in Sources */ = {isa = PBXBuildFile; fileRef = 772D51C22C6884D600878A49 /* HomeView.swift */; };
		772D51C52C68855900878A49 /* AIView.swift in Sources */ = {isa = PBXBuildFile; fileRef = 772D51C42C68855900878A49 /* AIView.swift */; };
		779FED232C6A8CC900435E96 /* WelcomeView.swift in Sources */ = {isa = PBXBuildFile; fileRef = 779FED222C6A8CC900435E96 /* WelcomeView.swift */; };
		779FED272C6ADF9100435E96 /* OpenAI in Frameworks */ = {isa = PBXBuildFile; productRef = 779FED262C6ADF9100435E96 /* OpenAI */; };
		779FED292C6AE40300435E96 /* AIManager.swift in Sources */ = {isa = PBXBuildFile; fileRef = 779FED282C6AE40300435E96 /* AIManager.swift */; };
		77F1886E2C67D2BF00948E59 /* AlwellApp.swift in Sources */ = {isa = PBXBuildFile; fileRef = 77F1886D2C67D2BF00948E59 /* AlwellApp.swift */; };
		77F188702C67D2BF00948E59 /* ContentView.swift in Sources */ = {isa = PBXBuildFile; fileRef = 77F1886F2C67D2BF00948E59 /* ContentView.swift */; };
		77F188722C67D2C000948E59 /* Assets.xcassets in Resources */ = {isa = PBXBuildFile; fileRef = 77F188712C67D2C000948E59 /* Assets.xcassets */; };
		77F188752C67D2C000948E59 /* Preview Assets.xcassets in Resources */ = {isa = PBXBuildFile; fileRef = 77F188742C67D2C000948E59 /* Preview Assets.xcassets */; };
		77F1887C2C67D49E00948E59 /* HealthManager.swift in Sources */ = {isa = PBXBuildFile; fileRef = 77F1887B2C67D49E00948E59 /* HealthManager.swift */; };
/* End PBXBuildFile section */

/* Begin PBXFileReference section */
		772D51C02C687D3400878A49 /* AlwellTabView.swift */ = {isa = PBXFileReference; lastKnownFileType = sourcecode.swift; path = AlwellTabView.swift; sourceTree = "<group>"; };
		772D51C22C6884D600878A49 /* HomeView.swift */ = {isa = PBXFileReference; lastKnownFileType = sourcecode.swift; path = HomeView.swift; sourceTree = "<group>"; };
		772D51C42C68855900878A49 /* AIView.swift */ = {isa = PBXFileReference; lastKnownFileType = sourcecode.swift; path = AIView.swift; sourceTree = "<group>"; };
		772D51C62C688B0600878A49 /* Alwell.entitlements */ = {isa = PBXFileReference; lastKnownFileType = text.plist.entitlements; path = Alwell.entitlements; sourceTree = "<group>"; };
		772D51C72C688B4100878A49 /* Info.plist */ = {isa = PBXFileReference; lastKnownFileType = text.plist; path = Info.plist; sourceTree = "<group>"; };
		779FED222C6A8CC900435E96 /* WelcomeView.swift */ = {isa = PBXFileReference; lastKnownFileType = sourcecode.swift; path = WelcomeView.swift; sourceTree = "<group>"; };
		779FED282C6AE40300435E96 /* AIManager.swift */ = {isa = PBXFileReference; lastKnownFileType = sourcecode.swift; path = AIManager.swift; sourceTree = "<group>"; };
		77F1886A2C67D2BF00948E59 /* Alwell.app */ = {isa = PBXFileReference; explicitFileType = wrapper.application; includeInIndex = 0; path = Alwell.app; sourceTree = BUILT_PRODUCTS_DIR; };
		77F1886D2C67D2BF00948E59 /* AlwellApp.swift */ = {isa = PBXFileReference; lastKnownFileType = sourcecode.swift; path = AlwellApp.swift; sourceTree = "<group>"; };
		77F1886F2C67D2BF00948E59 /* ContentView.swift */ = {isa = PBXFileReference; lastKnownFileType = sourcecode.swift; path = ContentView.swift; sourceTree = "<group>"; };
		77F188712C67D2C000948E59 /* Assets.xcassets */ = {isa = PBXFileReference; lastKnownFileType = folder.assetcatalog; path = Assets.xcassets; sourceTree = "<group>"; };
		77F188742C67D2C000948E59 /* Preview Assets.xcassets */ = {isa = PBXFileReference; lastKnownFileType = folder.assetcatalog; path = "Preview Assets.xcassets"; sourceTree = "<group>"; };
		77F1887B2C67D49E00948E59 /* HealthManager.swift */ = {isa = PBXFileReference; lastKnownFileType = sourcecode.swift; path = HealthManager.swift; sourceTree = "<group>"; };
/* End PBXFileReference section */

/* Begin PBXFrameworksBuildPhase section */
		77F188672C67D2BF00948E59 /* Frameworks */ = {
			isa = PBXFrameworksBuildPhase;
			buildActionMask = 2147483647;
			files = (
				779FED272C6ADF9100435E96 /* OpenAI in Frameworks */,
			);
			runOnlyForDeploymentPostprocessing = 0;
		};
/* End PBXFrameworksBuildPhase section */

/* Begin PBXGroup section */
		77F188612C67D2BF00948E59 = {
			isa = PBXGroup;
			children = (
				77F1886C2C67D2BF00948E59 /* Alwell */,
				77F1886B2C67D2BF00948E59 /* Products */,
			);
			sourceTree = "<group>";
		};
		77F1886B2C67D2BF00948E59 /* Products */ = {
			isa = PBXGroup;
			children = (
				77F1886A2C67D2BF00948E59 /* Alwell.app */,
			);
			name = Products;
			sourceTree = "<group>";
		};
		77F1886C2C67D2BF00948E59 /* Alwell */ = {
			isa = PBXGroup;
			children = (
				772D51C72C688B4100878A49 /* Info.plist */,
				772D51C62C688B0600878A49 /* Alwell.entitlements */,
				77F1886D2C67D2BF00948E59 /* AlwellApp.swift */,
				77F1887B2C67D49E00948E59 /* HealthManager.swift */,
				779FED282C6AE40300435E96 /* AIManager.swift */,
				77F188712C67D2C000948E59 /* Assets.xcassets */,
				77F188732C67D2C000948E59 /* Preview Content */,
				772D51C02C687D3400878A49 /* AlwellTabView.swift */,
				77F1886F2C67D2BF00948E59 /* ContentView.swift */,
				772D51C22C6884D600878A49 /* HomeView.swift */,
				772D51C42C68855900878A49 /* AIView.swift */,
				779FED222C6A8CC900435E96 /* WelcomeView.swift */,
			);
			path = Alwell;
			sourceTree = "<group>";
		};
		77F188732C67D2C000948E59 /* Preview Content */ = {
			isa = PBXGroup;
			children = (
				77F188742C67D2C000948E59 /* Preview Assets.xcassets */,
			);
			path = "Preview Content";
			sourceTree = "<group>";
		};
/* End PBXGroup section */

/* Begin PBXNativeTarget section */
		77F188692C67D2BF00948E59 /* Alwell */ = {
			isa = PBXNativeTarget;
			buildConfigurationList = 77F188782C67D2C000948E59 /* Build configuration list for PBXNativeTarget "Alwell" */;
			buildPhases = (
				77F188662C67D2BF00948E59 /* Sources */,
				77F188672C67D2BF00948E59 /* Frameworks */,
				77F188682C67D2BF00948E59 /* Resources */,
			);
			buildRules = (
			);
			dependencies = (
			);
			name = Alwell;
			packageProductDependencies = (
				779FED262C6ADF9100435E96 /* OpenAI */,
			);
			productName = Alwell;
			productReference = 77F1886A2C67D2BF00948E59 /* Alwell.app */;
			productType = "com.apple.product-type.application";
		};
/* End PBXNativeTarget section */

/* Begin PBXProject section */
		77F188622C67D2BF00948E59 /* Project object */ = {
			isa = PBXProject;
			attributes = {
				BuildIndependentTargetsInParallel = 1;
				LastSwiftUpdateCheck = 1400;
				LastUpgradeCheck = 1540;
				TargetAttributes = {
					77F188692C67D2BF00948E59 = {
						CreatedOnToolsVersion = 14.0;
					};
				};
			};
			buildConfigurationList = 77F188652C67D2BF00948E59 /* Build configuration list for PBXProject "Alwell" */;
			compatibilityVersion = "Xcode 14.0";
			developmentRegion = en;
			hasScannedForEncodings = 0;
			knownRegions = (
				en,
				Base,
			);
			mainGroup = 77F188612C67D2BF00948E59;
			packageReferences = (
				779FED252C6ADF9100435E96 /* XCRemoteSwiftPackageReference "OpenAI" */,
			);
			productRefGroup = 77F1886B2C67D2BF00948E59 /* Products */;
			projectDirPath = "";
			projectRoot = "";
			targets = (
				77F188692C67D2BF00948E59 /* Alwell */,
			);
		};
/* End PBXProject section */

/* Begin PBXResourcesBuildPhase section */
		77F188682C67D2BF00948E59 /* Resources */ = {
			isa = PBXResourcesBuildPhase;
			buildActionMask = 2147483647;
			files = (
				77F188752C67D2C000948E59 /* Preview Assets.xcassets in Resources */,
				77F188722C67D2C000948E59 /* Assets.xcassets in Resources */,
			);
			runOnlyForDeploymentPostprocessing = 0;
		};
/* End PBXResourcesBuildPhase section */

/* Begin PBXSourcesBuildPhase section */
		77F188662C67D2BF00948E59 /* Sources */ = {
			isa = PBXSourcesBuildPhase;
			buildActionMask = 2147483647;
			files = (
				77F188702C67D2BF00948E59 /* ContentView.swift in Sources */,
				772D51C12C687D3400878A49 /* AlwellTabView.swift in Sources */,
				77F1887C2C67D49E00948E59 /* HealthManager.swift in Sources */,
				772D51C32C6884D600878A49 /* HomeView.swift in Sources */,
				772D51C52C68855900878A49 /* AIView.swift in Sources */,
				77F1886E2C67D2BF00948E59 /* AlwellApp.swift in Sources */,
				779FED232C6A8CC900435E96 /* WelcomeView.swift in Sources */,
				779FED292C6AE40300435E96 /* AIManager.swift in Sources */,
			);
			runOnlyForDeploymentPostprocessing = 0;
		};
/* End PBXSourcesBuildPhase section */

/* Begin XCBuildConfiguration section */
		77F188762C67D2C000948E59 /* Debug */ = {
			isa = XCBuildConfiguration;
			buildSettings = {
				ALWAYS_SEARCH_USER_PATHS = NO;
				CLANG_ANALYZER_NONNULL = YES;
				CLANG_ANALYZER_NUMBER_OBJECT_CONVERSION = YES_AGGRESSIVE;
				CLANG_CXX_LANGUAGE_STANDARD = "gnu++20";
				CLANG_ENABLE_MODULES = YES;
				CLANG_ENABLE_OBJC_ARC = YES;
				CLANG_ENABLE_OBJC_WEAK = YES;
				CLANG_WARN_BLOCK_CAPTURE_AUTORELEASING = YES;
				CLANG_WARN_BOOL_CONVERSION = YES;
				CLANG_WARN_COMMA = YES;
				CLANG_WARN_CONSTANT_CONVERSION = YES;
				CLANG_WARN_DEPRECATED_OBJC_IMPLEMENTATIONS = YES;
				CLANG_WARN_DIRECT_OBJC_ISA_USAGE = YES_ERROR;
				CLANG_WARN_DOCUMENTATION_COMMENTS = YES;
				CLANG_WARN_EMPTY_BODY = YES;
				CLANG_WARN_ENUM_CONVERSION = YES;
				CLANG_WARN_INFINITE_RECURSION = YES;
				CLANG_WARN_INT_CONVERSION = YES;
				CLANG_WARN_NON_LITERAL_NULL_CONVERSION = YES;
				CLANG_WARN_OBJC_IMPLICIT_RETAIN_SELF = YES;
				CLANG_WARN_OBJC_LITERAL_CONVERSION = YES;
				CLANG_WARN_OBJC_ROOT_CLASS = YES_ERROR;
				CLANG_WARN_QUOTED_INCLUDE_IN_FRAMEWORK_HEADER = YES;
				CLANG_WARN_RANGE_LOOP_ANALYSIS = YES;
				CLANG_WARN_STRICT_PROTOTYPES = YES;
				CLANG_WARN_SUSPICIOUS_MOVE = YES;
				CLANG_WARN_UNGUARDED_AVAILABILITY = YES_AGGRESSIVE;
				CLANG_WARN_UNREACHABLE_CODE = YES;
				CLANG_WARN__DUPLICATE_METHOD_MATCH = YES;
				COPY_PHASE_STRIP = NO;
				DEBUG_INFORMATION_FORMAT = dwarf;
				ENABLE_STRICT_OBJC_MSGSEND = YES;
				ENABLE_TESTABILITY = YES;
				ENABLE_USER_SCRIPT_SANDBOXING = YES;
				GCC_C_LANGUAGE_STANDARD = gnu11;
				GCC_DYNAMIC_NO_PIC = NO;
				GCC_NO_COMMON_BLOCKS = YES;
				GCC_OPTIMIZATION_LEVEL = 0;
				GCC_PREPROCESSOR_DEFINITIONS = (
					"DEBUG=1",
					"$(inherited)",
				);
				GCC_WARN_64_TO_32_BIT_CONVERSION = YES;
				GCC_WARN_ABOUT_RETURN_TYPE = YES_ERROR;
				GCC_WARN_UNDECLARED_SELECTOR = YES;
				GCC_WARN_UNINITIALIZED_AUTOS = YES_AGGRESSIVE;
				GCC_WARN_UNUSED_FUNCTION = YES;
				GCC_WARN_UNUSED_VARIABLE = YES;
				IPHONEOS_DEPLOYMENT_TARGET = 16.0;
				MTL_ENABLE_DEBUG_INFO = INCLUDE_SOURCE;
				MTL_FAST_MATH = YES;
				ONLY_ACTIVE_ARCH = YES;
				SDKROOT = iphoneos;
				SWIFT_ACTIVE_COMPILATION_CONDITIONS = DEBUG;
				SWIFT_OPTIMIZATION_LEVEL = "-Onone";
			};
			name = Debug;
		};
		77F188772C67D2C000948E59 /* Release */ = {
			isa = XCBuildConfiguration;
			buildSettings = {
				ALWAYS_SEARCH_USER_PATHS = NO;
				CLANG_ANALYZER_NONNULL = YES;
				CLANG_ANALYZER_NUMBER_OBJECT_CONVERSION = YES_AGGRESSIVE;
				CLANG_CXX_LANGUAGE_STANDARD = "gnu++20";
				CLANG_ENABLE_MODULES = YES;
				CLANG_ENABLE_OBJC_ARC = YES;
				CLANG_ENABLE_OBJC_WEAK = YES;
				CLANG_WARN_BLOCK_CAPTURE_AUTORELEASING = YES;
				CLANG_WARN_BOOL_CONVERSION = YES;
				CLANG_WARN_COMMA = YES;
				CLANG_WARN_CONSTANT_CONVERSION = YES;
				CLANG_WARN_DEPRECATED_OBJC_IMPLEMENTATIONS = YES;
				CLANG_WARN_DIRECT_OBJC_ISA_USAGE = YES_ERROR;
				CLANG_WARN_DOCUMENTATION_COMMENTS = YES;
				CLANG_WARN_EMPTY_BODY = YES;
				CLANG_WARN_ENUM_CONVERSION = YES;
				CLANG_WARN_INFINITE_RECURSION = YES;
				CLANG_WARN_INT_CONVERSION = YES;
				CLANG_WARN_NON_LITERAL_NULL_CONVERSION = YES;
				CLANG_WARN_OBJC_IMPLICIT_RETAIN_SELF = YES;
				CLANG_WARN_OBJC_LITERAL_CONVERSION = YES;
				CLANG_WARN_OBJC_ROOT_CLASS = YES_ERROR;
				CLANG_WARN_QUOTED_INCLUDE_IN_FRAMEWORK_HEADER = YES;
				CLANG_WARN_RANGE_LOOP_ANALYSIS = YES;
				CLANG_WARN_STRICT_PROTOTYPES = YES;
				CLANG_WARN_SUSPICIOUS_MOVE = YES;
				CLANG_WARN_UNGUARDED_AVAILABILITY = YES_AGGRESSIVE;
				CLANG_WARN_UNREACHABLE_CODE = YES;
				CLANG_WARN__DUPLICATE_METHOD_MATCH = YES;
				COPY_PHASE_STRIP = NO;
				DEBUG_INFORMATION_FORMAT = "dwarf-with-dsym";
				ENABLE_NS_ASSERTIONS = NO;
				ENABLE_STRICT_OBJC_MSGSEND = YES;
				ENABLE_USER_SCRIPT_SANDBOXING = YES;
				GCC_C_LANGUAGE_STANDARD = gnu11;
				GCC_NO_COMMON_BLOCKS = YES;
				GCC_WARN_64_TO_32_BIT_CONVERSION = YES;
				GCC_WARN_ABOUT_RETURN_TYPE = YES_ERROR;
				GCC_WARN_UNDECLARED_SELECTOR = YES;
				GCC_WARN_UNINITIALIZED_AUTOS = YES_AGGRESSIVE;
				GCC_WARN_UNUSED_FUNCTION = YES;
				GCC_WARN_UNUSED_VARIABLE = YES;
				IPHONEOS_DEPLOYMENT_TARGET = 16.0;
				MTL_ENABLE_DEBUG_INFO = NO;
				MTL_FAST_MATH = YES;
				SDKROOT = iphoneos;
				SWIFT_COMPILATION_MODE = wholemodule;
				SWIFT_OPTIMIZATION_LEVEL = "-O";
				VALIDATE_PRODUCT = YES;
			};
			name = Release;
		};
		77F188792C67D2C000948E59 /* Debug */ = {
			isa = XCBuildConfiguration;
			buildSettings = {
				ASSETCATALOG_COMPILER_APPICON_NAME = AppIcon;
				ASSETCATALOG_COMPILER_GLOBAL_ACCENT_COLOR_NAME = AccentColor;
				CODE_SIGN_ENTITLEMENTS = Alwell/Alwell.entitlements;
				CODE_SIGN_STYLE = Automatic;
				CURRENT_PROJECT_VERSION = 1;
				DEVELOPMENT_ASSET_PATHS = "\"Alwell/Preview Content\"";
				DEVELOPMENT_TEAM = W7H55DLP4N;
				ENABLE_PREVIEWS = YES;
				GENERATE_INFOPLIST_FILE = YES;
				INFOPLIST_FILE = Alwell/Info.plist;
				INFOPLIST_KEY_CFBundleDisplayName = Alwell;
				INFOPLIST_KEY_LSApplicationCategoryType = "public.app-category.healthcare-fitness";
				INFOPLIST_KEY_NSHealthShareUsageDescription = "Please allow health access to use the application.";
				INFOPLIST_KEY_UIApplicationSceneManifest_Generation = YES;
				INFOPLIST_KEY_UIApplicationSupportsIndirectInputEvents = YES;
				INFOPLIST_KEY_UILaunchScreen_Generation = YES;
				INFOPLIST_KEY_UISupportedInterfaceOrientations_iPad = "UIInterfaceOrientationPortrait UIInterfaceOrientationPortraitUpsideDown UIInterfaceOrientationLandscapeLeft UIInterfaceOrientationLandscapeRight";
				INFOPLIST_KEY_UISupportedInterfaceOrientations_iPhone = "UIInterfaceOrientationPortrait UIInterfaceOrientationLandscapeLeft UIInterfaceOrientationLandscapeRight";
				IPHONEOS_DEPLOYMENT_TARGET = 16.0;
				LD_RUNPATH_SEARCH_PATHS = (
					"$(inherited)",
					"@executable_path/Frameworks",
				);
				MARKETING_VERSION = 1.0;
				PRODUCT_BUNDLE_IDENTIFIER = com.Alwell;
				PRODUCT_NAME = "$(TARGET_NAME)";
				SWIFT_EMIT_LOC_STRINGS = YES;
				SWIFT_VERSION = 5.0;
				TARGETED_DEVICE_FAMILY = "1,2";
			};
			name = Debug;
		};
		77F1887A2C67D2C000948E59 /* Release */ = {
			isa = XCBuildConfiguration;
			buildSettings = {
				ASSETCATALOG_COMPILER_APPICON_NAME = AppIcon;
				ASSETCATALOG_COMPILER_GLOBAL_ACCENT_COLOR_NAME = AccentColor;
				CODE_SIGN_ENTITLEMENTS = Alwell/Alwell.entitlements;
				CODE_SIGN_STYLE = Automatic;
				CURRENT_PROJECT_VERSION = 1;
				DEVELOPMENT_ASSET_PATHS = "\"Alwell/Preview Content\"";
				DEVELOPMENT_TEAM = W7H55DLP4N;
				ENABLE_PREVIEWS = YES;
				GENERATE_INFOPLIST_FILE = YES;
				INFOPLIST_FILE = Alwell/Info.plist;
				INFOPLIST_KEY_CFBundleDisplayName = Alwell;
				INFOPLIST_KEY_LSApplicationCategoryType = "public.app-category.healthcare-fitness";
				INFOPLIST_KEY_NSHealthShareUsageDescription = "Please allow health access to use the application.";
				INFOPLIST_KEY_UIApplicationSceneManifest_Generation = YES;
				INFOPLIST_KEY_UIApplicationSupportsIndirectInputEvents = YES;
				INFOPLIST_KEY_UILaunchScreen_Generation = YES;
				INFOPLIST_KEY_UISupportedInterfaceOrientations_iPad = "UIInterfaceOrientationPortrait UIInterfaceOrientationPortraitUpsideDown UIInterfaceOrientationLandscapeLeft UIInterfaceOrientationLandscapeRight";
				INFOPLIST_KEY_UISupportedInterfaceOrientations_iPhone = "UIInterfaceOrientationPortrait UIInterfaceOrientationLandscapeLeft UIInterfaceOrientationLandscapeRight";
				IPHONEOS_DEPLOYMENT_TARGET = 16.0;
				LD_RUNPATH_SEARCH_PATHS = (
					"$(inherited)",
					"@executable_path/Frameworks",
				);
				MARKETING_VERSION = 1.0;
				PRODUCT_BUNDLE_IDENTIFIER = com.Alwell;
				PRODUCT_NAME = "$(TARGET_NAME)";
				SWIFT_EMIT_LOC_STRINGS = YES;
				SWIFT_VERSION = 5.0;
				TARGETED_DEVICE_FAMILY = "1,2";
			};
			name = Release;
		};
/* End XCBuildConfiguration section */

/* Begin XCConfigurationList section */
		77F188652C67D2BF00948E59 /* Build configuration list for PBXProject "Alwell" */ = {
			isa = XCConfigurationList;
			buildConfigurations = (
				77F188762C67D2C000948E59 /* Debug */,
				77F188772C67D2C000948E59 /* Release */,
			);
			defaultConfigurationIsVisible = 0;
			defaultConfigurationName = Release;
		};
		77F188782C67D2C000948E59 /* Build configuration list for PBXNativeTarget "Alwell" */ = {
			isa = XCConfigurationList;
			buildConfigurations = (
				77F188792C67D2C000948E59 /* Debug */,
				77F1887A2C67D2C000948E59 /* Release */,
			);
			defaultConfigurationIsVisible = 0;
			defaultConfigurationName = Release;
		};
/* End XCConfigurationList section */

/* Begin XCRemoteSwiftPackageReference section */
		779FED252C6ADF9100435E96 /* XCRemoteSwiftPackageReference "OpenAI" */ = {
			isa = XCRemoteSwiftPackageReference;
			repositoryURL = "https://github.com/MacPaw/OpenAI";
			requirement = {
				kind = upToNextMajorVersion;
				minimumVersion = 0.3.0;
			};
		};
/* End XCRemoteSwiftPackageReference section */

/* Begin XCSwiftPackageProductDependency section */
		779FED262C6ADF9100435E96 /* OpenAI */ = {
			isa = XCSwiftPackageProductDependency;
			package = 779FED252C6ADF9100435E96 /* XCRemoteSwiftPackageReference "OpenAI" */;
			productName = OpenAI;
		};
/* End XCSwiftPackageProductDependency section */
	};
	rootObject = 77F188622C67D2BF00948E59 /* Project object */;
}
